
Microsoft Visual Studio Solution File, Format Version 12.00
# Visual Studio Version 16
VisualStudioVersion = 16.0.30320.27
MinimumVisualStudioVersion = 10.0.40219.1
Project("{FAE04EC0-301F-11D3-BF4B-00C04F79EFBC}") = "DataAccessLayer", "DataAccessLayer\DataAccessLayer.csproj", "{BAF55A7C-ED83-49FA-92A3-E118D7DA3D40}"
EndProject
Project("{FAE04EC0-301F-11D3-BF4B-00C04F79EFBC}") = "WebCarRentServer", "WebCarRentServer\WebCarRentServer.csproj", "{77305698-25B1-4E57-995F-AF45D2DE116E}"
EndProject
Global
	GlobalSection(SolutionConfigurationPlatforms) = preSolution
		Debug|Any CPU = Debug|Any CPU
		Release|Any CPU = Release|Any CPU
	EndGlobalSection
	GlobalSection(ProjectConfigurationPlatforms) = postSolution
		{BAF55A7C-ED83-49FA-92A3-E118D7DA3D40}.Debug|Any CPU.ActiveCfg = Debug|Any CPU
		{BAF55A7C-ED83-49FA-92A3-E118D7DA3D40}.Debug|Any CPU.Build.0 = Debug|Any CPU
		{BAF55A7C-ED83-49FA-92A3-E118D7DA3D40}.Release|Any CPU.ActiveCfg = Release|Any CPU
		{BAF55A7C-ED83-49FA-92A3-E118D7DA3D40}.Release|Any CPU.Build.0 = Release|Any CPU
		{77305698-25B1-4E57-995F-AF45D2DE116E}.Debug|Any CPU.ActiveCfg = Debug|Any CPU
		{77305698-25B1-4E57-995F-AF45D2DE116E}.Debug|Any CPU.Build.0 = Debug|Any CPU
		{77305698-25B1-4E57-995F-AF45D2DE116E}.Release|Any CPU.ActiveCfg = Release|Any CPU
		{77305698-25B1-4E57-995F-AF45D2DE116E}.Release|Any CPU.Build.0 = Release|Any CPU
	EndGlobalSection
	GlobalSection(SolutionProperties) = preSolution
		HideSolutionNode = FALSE
	EndGlobalSection
	GlobalSection(ExtensibilityGlobals) = postSolution
		SolutionGuid = {D651CBCA-69B0-4D05-9AD6-C13D6F630181}
	EndGlobalSection
EndGlobal
